
Microsoft Visual Studio Solution File, Format Version 12.00
# Visual Studio Version 16
VisualStudioVersion = 16.0.30413.136
MinimumVisualStudioVersion = 10.0.40219.1
Project("{6EC3EE1D-3C4E-46DD-8F32-0CC8E7565705}") = "F2", "F2\F2.fsproj", "{A6CD0756-D66F-4F04-AA49-5E38D575843C}"
EndProject
Project("{F2A71F9B-5D33-465A-A702-920D77279786}") = "F1", "F1\F1.fsproj", "{2E3032A3-4924-450B-9B79-8C1F68F1AB3F}"
EndProject
Project("{F2A71F9B-5D33-465A-A702-920D77279786}") = "F3", "F3\F3.fsproj", "{25718745-1882-4BF1-932F-CAA3F867CA9D}"
EndProject
Project("{F2A71F9B-5D33-465A-A702-920D77279786}") = "F4", "F4\F4.fsproj", "{F710CA5E-D9EC-4A14-A8B0-3934053FFC72}"
EndProject
Project("{F2A71F9B-5D33-465A-A702-920D77279786}") = "F5", "F5\F5.fsproj", "{B727D04F-9410-4E83-A16B-BD1A7ABB2EA3}"
EndProject
Project("{F2A71F9B-5D33-465A-A702-920D77279786}") = "F6", "F6\F6.fsproj", "{32D0CFFF-38E9-4548-998B-E1C2FBE20721}"
EndProject
Project("{F2A71F9B-5D33-465A-A702-920D77279786}") = "F7", "F7\F7.fsproj", "{38A35730-8590-48E3-97AF-AF265C1E2516}"
EndProject
Project("{F2A71F9B-5D33-465A-A702-920D77279786}") = "F8", "F8\F8.fsproj", "{2C5F180E-C4A7-4C6A-AB2F-824CC735E3E4}"
EndProject
Project("{F2A71F9B-5D33-465A-A702-920D77279786}") = "F9", "F9\F9.fsproj", "{F15299EB-7746-466B-9039-61404D6368AC}"
EndProject
Project("{F2A71F9B-5D33-465A-A702-920D77279786}") = "F10", "F10\F10.fsproj", "{9E05F562-657D-4B80-BA16-EB9FEE98DAC6}"
EndProject
Global
	GlobalSection(SolutionConfigurationPlatforms) = preSolution
		Debug|Any CPU = Debug|Any CPU
		Release|Any CPU = Release|Any CPU
	EndGlobalSection
	GlobalSection(ProjectConfigurationPlatforms) = postSolution
		{A6CD0756-D66F-4F04-AA49-5E38D575843C}.Debug|Any CPU.ActiveCfg = Debug|Any CPU
		{A6CD0756-D66F-4F04-AA49-5E38D575843C}.Debug|Any CPU.Build.0 = Debug|Any CPU
		{A6CD0756-D66F-4F04-AA49-5E38D575843C}.Release|Any CPU.ActiveCfg = Release|Any CPU
		{A6CD0756-D66F-4F04-AA49-5E38D575843C}.Release|Any CPU.Build.0 = Release|Any CPU
		{2E3032A3-4924-450B-9B79-8C1F68F1AB3F}.Debug|Any CPU.ActiveCfg = Debug|Any CPU
		{2E3032A3-4924-450B-9B79-8C1F68F1AB3F}.Debug|Any CPU.Build.0 = Debug|Any CPU
		{2E3032A3-4924-450B-9B79-8C1F68F1AB3F}.Release|Any CPU.ActiveCfg = Release|Any CPU
		{2E3032A3-4924-450B-9B79-8C1F68F1AB3F}.Release|Any CPU.Build.0 = Release|Any CPU
		{25718745-1882-4BF1-932F-CAA3F867CA9D}.Debug|Any CPU.ActiveCfg = Debug|Any CPU
		{25718745-1882-4BF1-932F-CAA3F867CA9D}.Debug|Any CPU.Build.0 = Debug|Any CPU
		{25718745-1882-4BF1-932F-CAA3F867CA9D}.Release|Any CPU.ActiveCfg = Release|Any CPU
		{25718745-1882-4BF1-932F-CAA3F867CA9D}.Release|Any CPU.Build.0 = Release|Any CPU
		{F710CA5E-D9EC-4A14-A8B0-3934053FFC72}.Debug|Any CPU.ActiveCfg = Debug|Any CPU
		{F710CA5E-D9EC-4A14-A8B0-3934053FFC72}.Debug|Any CPU.Build.0 = Debug|Any CPU
		{F710CA5E-D9EC-4A14-A8B0-3934053FFC72}.Release|Any CPU.ActiveCfg = Release|Any CPU
		{F710CA5E-D9EC-4A14-A8B0-3934053FFC72}.Release|Any CPU.Build.0 = Release|Any CPU
		{B727D04F-9410-4E83-A16B-BD1A7ABB2EA3}.Debug|Any CPU.ActiveCfg = Debug|Any CPU
		{B727D04F-9410-4E83-A16B-BD1A7ABB2EA3}.Debug|Any CPU.Build.0 = Debug|Any CPU
		{B727D04F-9410-4E83-A16B-BD1A7ABB2EA3}.Release|Any CPU.ActiveCfg = Release|Any CPU
		{B727D04F-9410-4E83-A16B-BD1A7ABB2EA3}.Release|Any CPU.Build.0 = Release|Any CPU
		{32D0CFFF-38E9-4548-998B-E1C2FBE20721}.Debug|Any CPU.ActiveCfg = Debug|Any CPU
		{32D0CFFF-38E9-4548-998B-E1C2FBE20721}.Debug|Any CPU.Build.0 = Debug|Any CPU
		{32D0CFFF-38E9-4548-998B-E1C2FBE20721}.Release|Any CPU.ActiveCfg = Release|Any CPU
		{32D0CFFF-38E9-4548-998B-E1C2FBE20721}.Release|Any CPU.Build.0 = Release|Any CPU
		{38A35730-8590-48E3-97AF-AF265C1E2516}.Debug|Any CPU.ActiveCfg = Debug|Any CPU
		{38A35730-8590-48E3-97AF-AF265C1E2516}.Debug|Any CPU.Build.0 = Debug|Any CPU
		{38A35730-8590-48E3-97AF-AF265C1E2516}.Release|Any CPU.ActiveCfg = Release|Any CPU
		{38A35730-8590-48E3-97AF-AF265C1E2516}.Release|Any CPU.Build.0 = Release|Any CPU
		{2C5F180E-C4A7-4C6A-AB2F-824CC735E3E4}.Debug|Any CPU.ActiveCfg = Debug|Any CPU
		{2C5F180E-C4A7-4C6A-AB2F-824CC735E3E4}.Debug|Any CPU.Build.0 = Debug|Any CPU
		{2C5F180E-C4A7-4C6A-AB2F-824CC735E3E4}.Release|Any CPU.ActiveCfg = Release|Any CPU
		{2C5F180E-C4A7-4C6A-AB2F-824CC735E3E4}.Release|Any CPU.Build.0 = Release|Any CPU
		{F15299EB-7746-466B-9039-61404D6368AC}.Debug|Any CPU.ActiveCfg = Debug|Any CPU
		{F15299EB-7746-466B-9039-61404D6368AC}.Debug|Any CPU.Build.0 = Debug|Any CPU
		{F15299EB-7746-466B-9039-61404D6368AC}.Release|Any CPU.ActiveCfg = Release|Any CPU
		{F15299EB-7746-466B-9039-61404D6368AC}.Release|Any CPU.Build.0 = Release|Any CPU
		{9E05F562-657D-4B80-BA16-EB9FEE98DAC6}.Debug|Any CPU.ActiveCfg = Debug|Any CPU
		{9E05F562-657D-4B80-BA16-EB9FEE98DAC6}.Debug|Any CPU.Build.0 = Debug|Any CPU
		{9E05F562-657D-4B80-BA16-EB9FEE98DAC6}.Release|Any CPU.ActiveCfg = Release|Any CPU
		{9E05F562-657D-4B80-BA16-EB9FEE98DAC6}.Release|Any CPU.Build.0 = Release|Any CPU
	EndGlobalSection
	GlobalSection(SolutionProperties) = preSolution
		HideSolutionNode = FALSE
	EndGlobalSection
	GlobalSection(ExtensibilityGlobals) = postSolution
		SolutionGuid = {526E5985-DDD4-49BA-95F1-A6D21C41C3E3}
	EndGlobalSection
EndGlobal
