
Microsoft Visual Studio Solution File, Format Version 12.00
# Visual Studio Version 16
VisualStudioVersion = 16.0.30413.136
MinimumVisualStudioVersion = 10.0.40219.1
Project("{6EC3EE1D-3C4E-46DD-8F32-0CC8E7565705}") = "F1", "Lab7\F1.fsproj", "{A51801F1-AFCD-403C-8B8D-EEBFE142B67F}"
EndProject
Project("{6EC3EE1D-3C4E-46DD-8F32-0CC8E7565705}") = "F2", "F2\F2.fsproj", "{6C0F708B-F6CA-460E-AF41-F14497C5D967}"
EndProject
Project("{6EC3EE1D-3C4E-46DD-8F32-0CC8E7565705}") = "F3", "F3\F3.fsproj", "{375D3322-5CAC-484D-B4BC-0978BCF139BD}"
EndProject
Project("{F2A71F9B-5D33-465A-A702-920D77279786}") = "F4", "F4\F4.fsproj", "{73ECE6AC-6971-4FC1-9189-9FFBEEAE362F}"
EndProject
Project("{F2A71F9B-5D33-465A-A702-920D77279786}") = "F5", "F5\F5.fsproj", "{95225BD6-9BEC-407C-A132-22FE8A2CF068}"
EndProject
Project("{F2A71F9B-5D33-465A-A702-920D77279786}") = "F6", "F6\F6.fsproj", "{559E2C44-07E8-4250-B3F4-6F5C5A8169B2}"
EndProject
Global
	GlobalSection(SolutionConfigurationPlatforms) = preSolution
		Debug|Any CPU = Debug|Any CPU
		Release|Any CPU = Release|Any CPU
	EndGlobalSection
	GlobalSection(ProjectConfigurationPlatforms) = postSolution
		{A51801F1-AFCD-403C-8B8D-EEBFE142B67F}.Debug|Any CPU.ActiveCfg = Debug|Any CPU
		{A51801F1-AFCD-403C-8B8D-EEBFE142B67F}.Debug|Any CPU.Build.0 = Debug|Any CPU
		{A51801F1-AFCD-403C-8B8D-EEBFE142B67F}.Release|Any CPU.ActiveCfg = Release|Any CPU
		{A51801F1-AFCD-403C-8B8D-EEBFE142B67F}.Release|Any CPU.Build.0 = Release|Any CPU
		{6C0F708B-F6CA-460E-AF41-F14497C5D967}.Debug|Any CPU.ActiveCfg = Debug|Any CPU
		{6C0F708B-F6CA-460E-AF41-F14497C5D967}.Debug|Any CPU.Build.0 = Debug|Any CPU
		{6C0F708B-F6CA-460E-AF41-F14497C5D967}.Release|Any CPU.ActiveCfg = Release|Any CPU
		{6C0F708B-F6CA-460E-AF41-F14497C5D967}.Release|Any CPU.Build.0 = Release|Any CPU
		{375D3322-5CAC-484D-B4BC-0978BCF139BD}.Debug|Any CPU.ActiveCfg = Debug|Any CPU
		{375D3322-5CAC-484D-B4BC-0978BCF139BD}.Debug|Any CPU.Build.0 = Debug|Any CPU
		{375D3322-5CAC-484D-B4BC-0978BCF139BD}.Release|Any CPU.ActiveCfg = Release|Any CPU
		{375D3322-5CAC-484D-B4BC-0978BCF139BD}.Release|Any CPU.Build.0 = Release|Any CPU
		{73ECE6AC-6971-4FC1-9189-9FFBEEAE362F}.Debug|Any CPU.ActiveCfg = Debug|Any CPU
		{73ECE6AC-6971-4FC1-9189-9FFBEEAE362F}.Debug|Any CPU.Build.0 = Debug|Any CPU
		{73ECE6AC-6971-4FC1-9189-9FFBEEAE362F}.Release|Any CPU.ActiveCfg = Release|Any CPU
		{73ECE6AC-6971-4FC1-9189-9FFBEEAE362F}.Release|Any CPU.Build.0 = Release|Any CPU
		{95225BD6-9BEC-407C-A132-22FE8A2CF068}.Debug|Any CPU.ActiveCfg = Debug|Any CPU
		{95225BD6-9BEC-407C-A132-22FE8A2CF068}.Debug|Any CPU.Build.0 = Debug|Any CPU
		{95225BD6-9BEC-407C-A132-22FE8A2CF068}.Release|Any CPU.ActiveCfg = Release|Any CPU
		{95225BD6-9BEC-407C-A132-22FE8A2CF068}.Release|Any CPU.Build.0 = Release|Any CPU
		{559E2C44-07E8-4250-B3F4-6F5C5A8169B2}.Debug|Any CPU.ActiveCfg = Debug|Any CPU
		{559E2C44-07E8-4250-B3F4-6F5C5A8169B2}.Debug|Any CPU.Build.0 = Debug|Any CPU
		{559E2C44-07E8-4250-B3F4-6F5C5A8169B2}.Release|Any CPU.ActiveCfg = Release|Any CPU
		{559E2C44-07E8-4250-B3F4-6F5C5A8169B2}.Release|Any CPU.Build.0 = Release|Any CPU
	EndGlobalSection
	GlobalSection(SolutionProperties) = preSolution
		HideSolutionNode = FALSE
	EndGlobalSection
	GlobalSection(ExtensibilityGlobals) = postSolution
		SolutionGuid = {246E93EE-F6C2-42A7-9890-311FD901CA38}
	EndGlobalSection
EndGlobal
